// !$*UTF8*$!
{
	archiveVersion = 1;
	classes = {
	};
	objectVersion = 46;
	objects = {

/* Begin PBXBuildFile section */
		4631E45E1B807B5600D6821C /* AppDelegate.swift in Sources */ = {isa = PBXBuildFile; fileRef = 4631E45D1B807B5600D6821C /* AppDelegate.swift */; };
		4631E4631B807B5600D6821C /* Main.storyboard in Resources */ = {isa = PBXBuildFile; fileRef = 4631E4611B807B5600D6821C /* Main.storyboard */; };
		4631E4651B807B5600D6821C /* Assets.xcassets in Resources */ = {isa = PBXBuildFile; fileRef = 4631E4641B807B5600D6821C /* Assets.xcassets */; };
		4631E4681B807B5600D6821C /* LaunchScreen.storyboard in Resources */ = {isa = PBXBuildFile; fileRef = 4631E4661B807B5600D6821C /* LaunchScreen.storyboard */; };
		4631E4701B807B7A00D6821C /* WelcomeViewController.swift in Sources */ = {isa = PBXBuildFile; fileRef = 4631E46F1B807B7A00D6821C /* WelcomeViewController.swift */; };
		4631E4751B807D3A00D6821C /* PickerTableViewController.swift in Sources */ = {isa = PBXBuildFile; fileRef = 4631E4741B807D3A00D6821C /* PickerTableViewController.swift */; };
		463225471B809961003CDDA6 /* UIImage+Blur.m in Sources */ = {isa = PBXBuildFile; fileRef = 463225411B809961003CDDA6 /* UIImage+Blur.m */; };
		463225481B809961003CDDA6 /* UIImage+ImageWithColor.m in Sources */ = {isa = PBXBuildFile; fileRef = 463225431B809961003CDDA6 /* UIImage+ImageWithColor.m */; };
		463225491B809961003CDDA6 /* UIImage+Screenshot.m in Sources */ = {isa = PBXBuildFile; fileRef = 463225451B809961003CDDA6 /* UIImage+Screenshot.m */; };
		46805DFA1B80845C00E48F7B /* Alamofire.framework.dSYM in Resources */ = {isa = PBXBuildFile; fileRef = 46805DF81B80845C00E48F7B /* Alamofire.framework.dSYM */; };
		46805DFC1B80846E00E48F7B /* Alamofire.framework in Frameworks */ = {isa = PBXBuildFile; fileRef = 46805DF71B80845C00E48F7B /* Alamofire.framework */; };
		46805DFD1B80846E00E48F7B /* Alamofire.framework in Embed Frameworks */ = {isa = PBXBuildFile; fileRef = 46805DF71B80845C00E48F7B /* Alamofire.framework */; settings = {ATTRIBUTES = (CodeSignOnCopy, RemoveHeadersOnCopy, ); }; };
		46805E021B80935A00E48F7B /* CurrencyCollectionViewController.swift in Sources */ = {isa = PBXBuildFile; fileRef = 46805E011B80935A00E48F7B /* CurrencyCollectionViewController.swift */; };
		46805E041B80943C00E48F7B /* CurrencyCollectionViewCell.swift in Sources */ = {isa = PBXBuildFile; fileRef = 46805E031B80943C00E48F7B /* CurrencyCollectionViewCell.swift */; };
		46805E101B8097DF00E48F7B /* NZAlertViewColor.m in Sources */ = {isa = PBXBuildFile; fileRef = 46805E081B8097DF00E48F7B /* NZAlertViewColor.m */; };
		46805E111B8097DF00E48F7B /* NZAlertView-Icons.bundle in Resources */ = {isa = PBXBuildFile; fileRef = 46805E091B8097DF00E48F7B /* NZAlertView-Icons.bundle */; };
		46805E121B8097DF00E48F7B /* NZAlertView.m in Sources */ = {isa = PBXBuildFile; fileRef = 46805E0B1B8097DF00E48F7B /* NZAlertView.m */; };
		46805E131B8097DF00E48F7B /* NZAlertView.xib in Resources */ = {isa = PBXBuildFile; fileRef = 46805E0F1B8097DF00E48F7B /* NZAlertView.xib */; };
/* End PBXBuildFile section */

/* Begin PBXCopyFilesBuildPhase section */
		46805DFE1B80846E00E48F7B /* Embed Frameworks */ = {
			isa = PBXCopyFilesBuildPhase;
			buildActionMask = 2147483647;
			dstPath = "";
			dstSubfolderSpec = 10;
			files = (
				46805DFD1B80846E00E48F7B /* Alamofire.framework in Embed Frameworks */,
			);
			name = "Embed Frameworks";
			runOnlyForDeploymentPostprocessing = 0;
		};
/* End PBXCopyFilesBuildPhase section */

/* Begin PBXFileReference section */
		4631E45A1B807B5600D6821C /* Arbytrage.app */ = {isa = PBXFileReference; explicitFileType = wrapper.application; includeInIndex = 0; path = Arbytrage.app; sourceTree = BUILT_PRODUCTS_DIR; };
		4631E45D1B807B5600D6821C /* AppDelegate.swift */ = {isa = PBXFileReference; lastKnownFileType = sourcecode.swift; path = AppDelegate.swift; sourceTree = "<group>"; };
		4631E4621B807B5600D6821C /* Base */ = {isa = PBXFileReference; lastKnownFileType = file.storyboard; name = Base; path = Base.lproj/Main.storyboard; sourceTree = "<group>"; };
		4631E4641B807B5600D6821C /* Assets.xcassets */ = {isa = PBXFileReference; lastKnownFileType = folder.assetcatalog; path = Assets.xcassets; sourceTree = "<group>"; };
		4631E4671B807B5600D6821C /* Base */ = {isa = PBXFileReference; lastKnownFileType = file.storyboard; name = Base; path = Base.lproj/LaunchScreen.storyboard; sourceTree = "<group>"; };
		4631E4691B807B5600D6821C /* Info.plist */ = {isa = PBXFileReference; lastKnownFileType = text.plist.xml; path = Info.plist; sourceTree = "<group>"; };
		4631E46F1B807B7A00D6821C /* WelcomeViewController.swift */ = {isa = PBXFileReference; fileEncoding = 4; lastKnownFileType = sourcecode.swift; path = WelcomeViewController.swift; sourceTree = "<group>"; };
		4631E4741B807D3A00D6821C /* PickerTableViewController.swift */ = {isa = PBXFileReference; fileEncoding = 4; lastKnownFileType = sourcecode.swift; path = PickerTableViewController.swift; sourceTree = "<group>"; };
		463225401B809961003CDDA6 /* UIImage+Blur.h */ = {isa = PBXFileReference; fileEncoding = 4; lastKnownFileType = sourcecode.c.h; path = "UIImage+Blur.h"; sourceTree = "<group>"; };
		463225411B809961003CDDA6 /* UIImage+Blur.m */ = {isa = PBXFileReference; fileEncoding = 4; lastKnownFileType = sourcecode.c.objc; path = "UIImage+Blur.m"; sourceTree = "<group>"; };
		463225421B809961003CDDA6 /* UIImage+ImageWithColor.h */ = {isa = PBXFileReference; fileEncoding = 4; lastKnownFileType = sourcecode.c.h; path = "UIImage+ImageWithColor.h"; sourceTree = "<group>"; };
		463225431B809961003CDDA6 /* UIImage+ImageWithColor.m */ = {isa = PBXFileReference; fileEncoding = 4; lastKnownFileType = sourcecode.c.objc; path = "UIImage+ImageWithColor.m"; sourceTree = "<group>"; };
		463225441B809961003CDDA6 /* UIImage+Screenshot.h */ = {isa = PBXFileReference; fileEncoding = 4; lastKnownFileType = sourcecode.c.h; path = "UIImage+Screenshot.h"; sourceTree = "<group>"; };
		463225451B809961003CDDA6 /* UIImage+Screenshot.m */ = {isa = PBXFileReference; fileEncoding = 4; lastKnownFileType = sourcecode.c.objc; path = "UIImage+Screenshot.m"; sourceTree = "<group>"; };
		463225461B809961003CDDA6 /* UIImage-Helpers.h */ = {isa = PBXFileReference; fileEncoding = 4; lastKnownFileType = sourcecode.c.h; path = "UIImage-Helpers.h"; sourceTree = "<group>"; };
		46805DF71B80845C00E48F7B /* Alamofire.framework */ = {isa = PBXFileReference; lastKnownFileType = wrapper.framework; name = Alamofire.framework; path = Carthage/Build/iOS/Alamofire.framework; sourceTree = "<group>"; };
		46805DF81B80845C00E48F7B /* Alamofire.framework.dSYM */ = {isa = PBXFileReference; lastKnownFileType = wrapper.dsym; name = Alamofire.framework.dSYM; path = Carthage/Build/iOS/Alamofire.framework.dSYM; sourceTree = "<group>"; };
		46805E011B80935A00E48F7B /* CurrencyCollectionViewController.swift */ = {isa = PBXFileReference; fileEncoding = 4; lastKnownFileType = sourcecode.swift; path = CurrencyCollectionViewController.swift; sourceTree = "<group>"; };
		46805E031B80943C00E48F7B /* CurrencyCollectionViewCell.swift */ = {isa = PBXFileReference; fileEncoding = 4; lastKnownFileType = sourcecode.swift; path = CurrencyCollectionViewCell.swift; sourceTree = "<group>"; };
		46805E071B8097DF00E48F7B /* NZAlertViewColor.h */ = {isa = PBXFileReference; fileEncoding = 4; lastKnownFileType = sourcecode.c.h; path = NZAlertViewColor.h; sourceTree = "<group>"; };
		46805E081B8097DF00E48F7B /* NZAlertViewColor.m */ = {isa = PBXFileReference; fileEncoding = 4; lastKnownFileType = sourcecode.c.objc; path = NZAlertViewColor.m; sourceTree = "<group>"; };
		46805E091B8097DF00E48F7B /* NZAlertView-Icons.bundle */ = {isa = PBXFileReference; lastKnownFileType = "wrapper.plug-in"; path = "NZAlertView-Icons.bundle"; sourceTree = "<group>"; };
		46805E0A1B8097DF00E48F7B /* NZAlertView.h */ = {isa = PBXFileReference; fileEncoding = 4; lastKnownFileType = sourcecode.c.h; path = NZAlertView.h; sourceTree = "<group>"; };
		46805E0B1B8097DF00E48F7B /* NZAlertView.m */ = {isa = PBXFileReference; fileEncoding = 4; lastKnownFileType = sourcecode.c.objc; path = NZAlertView.m; sourceTree = "<group>"; };
		46805E0D1B8097DF00E48F7B /* NZAlertViewDelegate.h */ = {isa = PBXFileReference; fileEncoding = 4; lastKnownFileType = sourcecode.c.h; path = NZAlertViewDelegate.h; sourceTree = "<group>"; };
		46805E0F1B8097DF00E48F7B /* NZAlertView.xib */ = {isa = PBXFileReference; fileEncoding = 4; lastKnownFileType = file.xib; path = NZAlertView.xib; sourceTree = "<group>"; };
		46805E141B8097F200E48F7B /* Arbytrage-Bridging-Header.h */ = {isa = PBXFileReference; fileEncoding = 4; lastKnownFileType = sourcecode.c.h; path = "Arbytrage-Bridging-Header.h"; sourceTree = "<group>"; };
/* End PBXFileReference section */

/* Begin PBXFrameworksBuildPhase section */
		4631E4571B807B5600D6821C /* Frameworks */ = {
			isa = PBXFrameworksBuildPhase;
			buildActionMask = 2147483647;
			files = (
				46805DFC1B80846E00E48F7B /* Alamofire.framework in Frameworks */,
			);
			runOnlyForDeploymentPostprocessing = 0;
		};
/* End PBXFrameworksBuildPhase section */

/* Begin PBXGroup section */
		4631E4511B807B5600D6821C = {
			isa = PBXGroup;
			children = (
				4631E45C1B807B5600D6821C /* Arbytrage */,
				4631E45B1B807B5600D6821C /* Products */,
				46805DFB1B80845F00E48F7B /* Frameworks */,
			);
			sourceTree = "<group>";
		};
		4631E45B1B807B5600D6821C /* Products */ = {
			isa = PBXGroup;
			children = (
				4631E45A1B807B5600D6821C /* Arbytrage.app */,
			);
			name = Products;
			sourceTree = "<group>";
		};
		4631E45C1B807B5600D6821C /* Arbytrage */ = {
			isa = PBXGroup;
			children = (
				4631E45D1B807B5600D6821C /* AppDelegate.swift */,
				4631E46F1B807B7A00D6821C /* WelcomeViewController.swift */,
				4631E4741B807D3A00D6821C /* PickerTableViewController.swift */,
				46805E011B80935A00E48F7B /* CurrencyCollectionViewController.swift */,
				46805E031B80943C00E48F7B /* CurrencyCollectionViewCell.swift */,
				4631E4611B807B5600D6821C /* Main.storyboard */,
				4631E4711B807B8300D6821C /* Supporting Files */,
			);
			path = Arbytrage;
			sourceTree = "<group>";
		};
		4631E4711B807B8300D6821C /* Supporting Files */ = {
			isa = PBXGroup;
			children = (
				4631E4641B807B5600D6821C /* Assets.xcassets */,
				4631E4661B807B5600D6821C /* LaunchScreen.storyboard */,
				4631E4691B807B5600D6821C /* Info.plist */,
			);
			name = "Supporting Files";
			sourceTree = "<group>";
		};
		4632253F1B809961003CDDA6 /* UIImage-Helpers */ = {
			isa = PBXGroup;
			children = (
				463225401B809961003CDDA6 /* UIImage+Blur.h */,
				463225411B809961003CDDA6 /* UIImage+Blur.m */,
				463225421B809961003CDDA6 /* UIImage+ImageWithColor.h */,
				463225431B809961003CDDA6 /* UIImage+ImageWithColor.m */,
				463225441B809961003CDDA6 /* UIImage+Screenshot.h */,
				463225451B809961003CDDA6 /* UIImage+Screenshot.m */,
				463225461B809961003CDDA6 /* UIImage-Helpers.h */,
			);
			name = "UIImage-Helpers";
			path = "Carthage/Checkouts/UIImage-Helpers/UIImage-Helpers";
			sourceTree = "<group>";
		};
		46805DFB1B80845F00E48F7B /* Frameworks */ = {
			isa = PBXGroup;
			children = (
				4632253F1B809961003CDDA6 /* UIImage-Helpers */,
				46805E051B8097DF00E48F7B /* NZAlertView */,
				46805DF71B80845C00E48F7B /* Alamofire.framework */,
				46805DF81B80845C00E48F7B /* Alamofire.framework.dSYM */,
				46805E141B8097F200E48F7B /* Arbytrage-Bridging-Header.h */,
			);
			name = Frameworks;
			sourceTree = "<group>";
		};
		46805E051B8097DF00E48F7B /* NZAlertView */ = {
			isa = PBXGroup;
			children = (
				46805E061B8097DF00E48F7B /* Helpers */,
				46805E091B8097DF00E48F7B /* NZAlertView-Icons.bundle */,
				46805E0A1B8097DF00E48F7B /* NZAlertView.h */,
				46805E0B1B8097DF00E48F7B /* NZAlertView.m */,
				46805E0C1B8097DF00E48F7B /* Protocols */,
				46805E0E1B8097DF00E48F7B /* Views */,
			);
			name = NZAlertView;
			path = Carthage/Checkouts/NZAlertView/NZAlertView;
			sourceTree = "<group>";
		};
		46805E061B8097DF00E48F7B /* Helpers */ = {
			isa = PBXGroup;
			children = (
				46805E071B8097DF00E48F7B /* NZAlertViewColor.h */,
				46805E081B8097DF00E48F7B /* NZAlertViewColor.m */,
			);
			path = Helpers;
			sourceTree = "<group>";
		};
		46805E0C1B8097DF00E48F7B /* Protocols */ = {
			isa = PBXGroup;
			children = (
				46805E0D1B8097DF00E48F7B /* NZAlertViewDelegate.h */,
			);
			path = Protocols;
			sourceTree = "<group>";
		};
		46805E0E1B8097DF00E48F7B /* Views */ = {
			isa = PBXGroup;
			children = (
				46805E0F1B8097DF00E48F7B /* NZAlertView.xib */,
			);
			path = Views;
			sourceTree = "<group>";
		};
/* End PBXGroup section */

/* Begin PBXNativeTarget section */
		4631E4591B807B5600D6821C /* Arbytrage */ = {
			isa = PBXNativeTarget;
			buildConfigurationList = 4631E46C1B807B5600D6821C /* Build configuration list for PBXNativeTarget "Arbytrage" */;
			buildPhases = (
				4631E4561B807B5600D6821C /* Sources */,
				4631E4571B807B5600D6821C /* Frameworks */,
				4631E4581B807B5600D6821C /* Resources */,
				46805DFE1B80846E00E48F7B /* Embed Frameworks */,
			);
			buildRules = (
			);
			dependencies = (
			);
			name = Arbytrage;
			productName = Arbytrage;
			productReference = 4631E45A1B807B5600D6821C /* Arbytrage.app */;
			productType = "com.apple.product-type.application";
		};
/* End PBXNativeTarget section */

/* Begin PBXProject section */
		4631E4521B807B5600D6821C /* Project object */ = {
			isa = PBXProject;
			attributes = {
				LastUpgradeCheck = 0700;
				ORGANIZATIONNAME = "Andrew Breckenridge";
				TargetAttributes = {
					4631E4591B807B5600D6821C = {
						CreatedOnToolsVersion = 7.0;
					};
				};
			};
			buildConfigurationList = 4631E4551B807B5600D6821C /* Build configuration list for PBXProject "Arbytrage" */;
			compatibilityVersion = "Xcode 3.2";
			developmentRegion = English;
			hasScannedForEncodings = 0;
			knownRegions = (
				en,
				Base,
			);
			mainGroup = 4631E4511B807B5600D6821C;
			productRefGroup = 4631E45B1B807B5600D6821C /* Products */;
			projectDirPath = "";
			projectRoot = "";
			targets = (
				4631E4591B807B5600D6821C /* Arbytrage */,
			);
		};
/* End PBXProject section */

/* Begin PBXResourcesBuildPhase section */
		4631E4581B807B5600D6821C /* Resources */ = {
			isa = PBXResourcesBuildPhase;
			buildActionMask = 2147483647;
			files = (
				46805E111B8097DF00E48F7B /* NZAlertView-Icons.bundle in Resources */,
				4631E4681B807B5600D6821C /* LaunchScreen.storyboard in Resources */,
				4631E4651B807B5600D6821C /* Assets.xcassets in Resources */,
				46805E131B8097DF00E48F7B /* NZAlertView.xib in Resources */,
				4631E4631B807B5600D6821C /* Main.storyboard in Resources */,
				46805DFA1B80845C00E48F7B /* Alamofire.framework.dSYM in Resources */,
			);
			runOnlyForDeploymentPostprocessing = 0;
		};
/* End PBXResourcesBuildPhase section */

/* Begin PBXSourcesBuildPhase section */
		4631E4561B807B5600D6821C /* Sources */ = {
			isa = PBXSourcesBuildPhase;
			buildActionMask = 2147483647;
			files = (
				4631E45E1B807B5600D6821C /* AppDelegate.swift in Sources */,
				463225481B809961003CDDA6 /* UIImage+ImageWithColor.m in Sources */,
				46805E041B80943C00E48F7B /* CurrencyCollectionViewCell.swift in Sources */,
				463225471B809961003CDDA6 /* UIImage+Blur.m in Sources */,
				4631E4701B807B7A00D6821C /* WelcomeViewController.swift in Sources */,
				463225491B809961003CDDA6 /* UIImage+Screenshot.m in Sources */,
				46805E121B8097DF00E48F7B /* NZAlertView.m in Sources */,
				4631E4751B807D3A00D6821C /* PickerTableViewController.swift in Sources */,
				46805E021B80935A00E48F7B /* CurrencyCollectionViewController.swift in Sources */,
				46805E101B8097DF00E48F7B /* NZAlertViewColor.m in Sources */,
			);
			runOnlyForDeploymentPostprocessing = 0;
		};
/* End PBXSourcesBuildPhase section */

/* Begin PBXVariantGroup section */
		4631E4611B807B5600D6821C /* Main.storyboard */ = {
			isa = PBXVariantGroup;
			children = (
				4631E4621B807B5600D6821C /* Base */,
			);
			name = Main.storyboard;
			sourceTree = "<group>";
		};
		4631E4661B807B5600D6821C /* LaunchScreen.storyboard */ = {
			isa = PBXVariantGroup;
			children = (
				4631E4671B807B5600D6821C /* Base */,
			);
			name = LaunchScreen.storyboard;
			sourceTree = "<group>";
		};
/* End PBXVariantGroup section */

/* Begin XCBuildConfiguration section */
		4631E46A1B807B5600D6821C /* Debug */ = {
			isa = XCBuildConfiguration;
			buildSettings = {
				ALWAYS_SEARCH_USER_PATHS = NO;
				CLANG_CXX_LANGUAGE_STANDARD = "gnu++0x";
				CLANG_CXX_LIBRARY = "libc++";
				CLANG_ENABLE_MODULES = YES;
				CLANG_ENABLE_OBJC_ARC = YES;
				CLANG_WARN_BOOL_CONVERSION = YES;
				CLANG_WARN_CONSTANT_CONVERSION = YES;
				CLANG_WARN_DIRECT_OBJC_ISA_USAGE = YES_ERROR;
				CLANG_WARN_EMPTY_BODY = YES;
				CLANG_WARN_ENUM_CONVERSION = YES;
				CLANG_WARN_INT_CONVERSION = YES;
				CLANG_WARN_OBJC_ROOT_CLASS = YES_ERROR;
				CLANG_WARN_UNREACHABLE_CODE = YES;
				CLANG_WARN__DUPLICATE_METHOD_MATCH = YES;
				"CODE_SIGN_IDENTITY[sdk=iphoneos*]" = "iPhone Developer";
				COPY_PHASE_STRIP = NO;
				DEBUG_INFORMATION_FORMAT = dwarf;
				ENABLE_STRICT_OBJC_MSGSEND = YES;
				ENABLE_TESTABILITY = YES;
				GCC_C_LANGUAGE_STANDARD = gnu99;
				GCC_DYNAMIC_NO_PIC = NO;
				GCC_NO_COMMON_BLOCKS = YES;
				GCC_OPTIMIZATION_LEVEL = 0;
				GCC_PREPROCESSOR_DEFINITIONS = (
					"DEBUG=1",
					"$(inherited)",
				);
				GCC_WARN_64_TO_32_BIT_CONVERSION = YES;
				GCC_WARN_ABOUT_RETURN_TYPE = YES_ERROR;
				GCC_WARN_UNDECLARED_SELECTOR = YES;
				GCC_WARN_UNINITIALIZED_AUTOS = YES_AGGRESSIVE;
				GCC_WARN_UNUSED_FUNCTION = YES;
				GCC_WARN_UNUSED_VARIABLE = YES;
				IPHONEOS_DEPLOYMENT_TARGET = 8.0;
				MTL_ENABLE_DEBUG_INFO = YES;
				ONLY_ACTIVE_ARCH = YES;
				SDKROOT = iphoneos;
				SWIFT_OPTIMIZATION_LEVEL = "-Onone";
			};
			name = Debug;
		};
		4631E46B1B807B5600D6821C /* Release */ = {
			isa = XCBuildConfiguration;
			buildSettings = {
				ALWAYS_SEARCH_USER_PATHS = NO;
				CLANG_CXX_LANGUAGE_STANDARD = "gnu++0x";
				CLANG_CXX_LIBRARY = "libc++";
				CLANG_ENABLE_MODULES = YES;
				CLANG_ENABLE_OBJC_ARC = YES;
				CLANG_WARN_BOOL_CONVERSION = YES;
				CLANG_WARN_CONSTANT_CONVERSION = YES;
				CLANG_WARN_DIRECT_OBJC_ISA_USAGE = YES_ERROR;
				CLANG_WARN_EMPTY_BODY = YES;
				CLANG_WARN_ENUM_CONVERSION = YES;
				CLANG_WARN_INT_CONVERSION = YES;
				CLANG_WARN_OBJC_ROOT_CLASS = YES_ERROR;
				CLANG_WARN_UNREACHABLE_CODE = YES;
				CLANG_WARN__DUPLICATE_METHOD_MATCH = YES;
				"CODE_SIGN_IDENTITY[sdk=iphoneos*]" = "iPhone Developer";
				COPY_PHASE_STRIP = NO;
				DEBUG_INFORMATION_FORMAT = "dwarf-with-dsym";
				ENABLE_NS_ASSERTIONS = NO;
				ENABLE_STRICT_OBJC_MSGSEND = YES;
				GCC_C_LANGUAGE_STANDARD = gnu99;
				GCC_NO_COMMON_BLOCKS = YES;
				GCC_WARN_64_TO_32_BIT_CONVERSION = YES;
				GCC_WARN_ABOUT_RETURN_TYPE = YES_ERROR;
				GCC_WARN_UNDECLARED_SELECTOR = YES;
				GCC_WARN_UNINITIALIZED_AUTOS = YES_AGGRESSIVE;
				GCC_WARN_UNUSED_FUNCTION = YES;
				GCC_WARN_UNUSED_VARIABLE = YES;
				IPHONEOS_DEPLOYMENT_TARGET = 8.0;
				MTL_ENABLE_DEBUG_INFO = NO;
				SDKROOT = iphoneos;
				VALIDATE_PRODUCT = YES;
			};
			name = Release;
		};
		4631E46D1B807B5600D6821C /* Debug */ = {
			isa = XCBuildConfiguration;
			buildSettings = {
				ASSETCATALOG_COMPILER_APPICON_NAME = AppIcon;
				FRAMEWORK_SEARCH_PATHS = (
					"$(inherited)",
					"$(PROJECT_DIR)/Carthage/Build/iOS",
				);
				INFOPLIST_FILE = Arbytrage/Info.plist;
				LD_RUNPATH_SEARCH_PATHS = "$(inherited) @executable_path/Frameworks";
				PRODUCT_BUNDLE_IDENTIFIER = tfw.Arbytrage;
				PRODUCT_NAME = "$(TARGET_NAME)";
				SWIFT_OBJC_BRIDGING_HEADER = "$(PRODUCT_NAME)-Bridging-Header.h";
			};
			name = Debug;
		};
		4631E46E1B807B5600D6821C /* Release */ = {
			isa = XCBuildConfiguration;
			buildSettings = {
				ASSETCATALOG_COMPILER_APPICON_NAME = AppIcon;
				FRAMEWORK_SEARCH_PATHS = (
					"$(inherited)",
					"$(PROJECT_DIR)/Carthage/Build/iOS",
				);
				INFOPLIST_FILE = Arbytrage/Info.plist;
				LD_RUNPATH_SEARCH_PATHS = "$(inherited) @executable_path/Frameworks";
				PRODUCT_BUNDLE_IDENTIFIER = tfw.Arbytrage;
				PRODUCT_NAME = "$(TARGET_NAME)";
				SWIFT_OBJC_BRIDGING_HEADER = "$(PRODUCT_NAME)-Bridging-Header.h";
			};
			name = Release;
		};
/* End XCBuildConfiguration section */

/* Begin XCConfigurationList section */
		4631E4551B807B5600D6821C /* Build configuration list for PBXProject "Arbytrage" */ = {
			isa = XCConfigurationList;
			buildConfigurations = (
				4631E46A1B807B5600D6821C /* Debug */,
				4631E46B1B807B5600D6821C /* Release */,
			);
			defaultConfigurationIsVisible = 0;
			defaultConfigurationName = Release;
		};
		4631E46C1B807B5600D6821C /* Build configuration list for PBXNativeTarget "Arbytrage" */ = {
			isa = XCConfigurationList;
			buildConfigurations = (
				4631E46D1B807B5600D6821C /* Debug */,
				4631E46E1B807B5600D6821C /* Release */,
			);
			defaultConfigurationIsVisible = 0;
			defaultConfigurationName = Release;
		};
/* End XCConfigurationList section */
	};
	rootObject = 4631E4521B807B5600D6821C /* Project object */;
}
